
Microsoft Visual Studio Solution File, Format Version 12.00
# Visual Studio 15
VisualStudioVersion = 15.0.26823.1
MinimumVisualStudioVersion = 10.0.40219.1
Project("{9A19103F-16F7-4668-BE54-9A1E7A4F7556}") = "AnyDo.WebAPI", "AnyDo.WebAPI\AnyDo.WebAPI.csproj", "{97342B83-62BF-4C69-BED5-FFAE4590CF15}"
EndProject
Project("{FAE04EC0-301F-11D3-BF4B-00C04F79EFBC}") = "AnyDo.SPA", "AnyDo.SPA\AnyDo.SPA.csproj", "{81C2D5BA-EC2B-4F50-8E19-F3709547BB4E}"
EndProject
Project("{FAE04EC0-301F-11D3-BF4B-00C04F79EFBC}") = "AnyDo.Data", "AnyDo.Data\AnyDo.Data.csproj", "{120C685B-0CD5-4DF9-8F44-DDF742E1B17E}"
EndProject
Global
	GlobalSection(SolutionConfigurationPlatforms) = preSolution
		Debug|Any CPU = Debug|Any CPU
		Release|Any CPU = Release|Any CPU
	EndGlobalSection
	GlobalSection(ProjectConfigurationPlatforms) = postSolution
		{97342B83-62BF-4C69-BED5-FFAE4590CF15}.Debug|Any CPU.ActiveCfg = Debug|Any CPU
		{97342B83-62BF-4C69-BED5-FFAE4590CF15}.Debug|Any CPU.Build.0 = Debug|Any CPU
		{97342B83-62BF-4C69-BED5-FFAE4590CF15}.Release|Any CPU.ActiveCfg = Release|Any CPU
		{97342B83-62BF-4C69-BED5-FFAE4590CF15}.Release|Any CPU.Build.0 = Release|Any CPU
		{81C2D5BA-EC2B-4F50-8E19-F3709547BB4E}.Debug|Any CPU.ActiveCfg = Debug|Any CPU
		{81C2D5BA-EC2B-4F50-8E19-F3709547BB4E}.Debug|Any CPU.Build.0 = Debug|Any CPU
		{81C2D5BA-EC2B-4F50-8E19-F3709547BB4E}.Release|Any CPU.ActiveCfg = Release|Any CPU
		{81C2D5BA-EC2B-4F50-8E19-F3709547BB4E}.Release|Any CPU.Build.0 = Release|Any CPU
		{120C685B-0CD5-4DF9-8F44-DDF742E1B17E}.Debug|Any CPU.ActiveCfg = Debug|Any CPU
		{120C685B-0CD5-4DF9-8F44-DDF742E1B17E}.Debug|Any CPU.Build.0 = Debug|Any CPU
		{120C685B-0CD5-4DF9-8F44-DDF742E1B17E}.Release|Any CPU.ActiveCfg = Release|Any CPU
		{120C685B-0CD5-4DF9-8F44-DDF742E1B17E}.Release|Any CPU.Build.0 = Release|Any CPU
	EndGlobalSection
	GlobalSection(SolutionProperties) = preSolution
		HideSolutionNode = FALSE
	EndGlobalSection
	GlobalSection(ExtensibilityGlobals) = postSolution
		SolutionGuid = {4FCB8965-842B-4F03-AED0-7244017E1B44}
	EndGlobalSection
EndGlobal
